
Microsoft Visual Studio Solution File, Format Version 12.00
# Visual Studio 14
VisualStudioVersion = 14.0.25420.1
MinimumVisualStudioVersion = 10.0.40219.1
Project("{FAE04EC0-301F-11D3-BF4B-00C04F79EFBC}") = "Tool_Management.Web", "Tool_Management.web\Tool_Management.Web.csproj", "{A1D0A17B-12A2-4BBB-95E4-7F7A995C5157}"
EndProject
Project("{FAE04EC0-301F-11D3-BF4B-00C04F79EFBC}") = "Tool_Management.DataAccess", "Tool_Management.DataAccess\Tool_Management.DataAccess.csproj", "{A4F8313B-1921-4176-BE52-00970E782459}"
EndProject
Project("{FAE04EC0-301F-11D3-BF4B-00C04F79EFBC}") = "Tool_Management.Service", "Tool_Management.Service\Tool_Management.Service.csproj", "{72F63AD7-7EC7-4B8C-AB3B-0E818987DFFC}"
EndProject
Project("{FAE04EC0-301F-11D3-BF4B-00C04F79EFBC}") = "Tool_Management.CNC_Transfer", "Tool_Maanagement.CNC_Transfer\Tool_Management.CNC_Transfer.csproj", "{00179BED-5C11-4867-864D-FEFAA062288D}"
EndProject
Global
	GlobalSection(SolutionConfigurationPlatforms) = preSolution
		Debug|Any CPU = Debug|Any CPU
		Release|Any CPU = Release|Any CPU
	EndGlobalSection
	GlobalSection(ProjectConfigurationPlatforms) = postSolution
		{A1D0A17B-12A2-4BBB-95E4-7F7A995C5157}.Debug|Any CPU.ActiveCfg = Debug|Any CPU
		{A1D0A17B-12A2-4BBB-95E4-7F7A995C5157}.Debug|Any CPU.Build.0 = Debug|Any CPU
		{A1D0A17B-12A2-4BBB-95E4-7F7A995C5157}.Release|Any CPU.ActiveCfg = Release|Any CPU
		{A1D0A17B-12A2-4BBB-95E4-7F7A995C5157}.Release|Any CPU.Build.0 = Release|Any CPU
		{A4F8313B-1921-4176-BE52-00970E782459}.Debug|Any CPU.ActiveCfg = Debug|Any CPU
		{A4F8313B-1921-4176-BE52-00970E782459}.Debug|Any CPU.Build.0 = Debug|Any CPU
		{A4F8313B-1921-4176-BE52-00970E782459}.Release|Any CPU.ActiveCfg = Release|Any CPU
		{A4F8313B-1921-4176-BE52-00970E782459}.Release|Any CPU.Build.0 = Release|Any CPU
		{72F63AD7-7EC7-4B8C-AB3B-0E818987DFFC}.Debug|Any CPU.ActiveCfg = Debug|Any CPU
		{72F63AD7-7EC7-4B8C-AB3B-0E818987DFFC}.Debug|Any CPU.Build.0 = Debug|Any CPU
		{72F63AD7-7EC7-4B8C-AB3B-0E818987DFFC}.Release|Any CPU.ActiveCfg = Release|Any CPU
		{72F63AD7-7EC7-4B8C-AB3B-0E818987DFFC}.Release|Any CPU.Build.0 = Release|Any CPU
		{00179BED-5C11-4867-864D-FEFAA062288D}.Debug|Any CPU.ActiveCfg = Debug|Any CPU
		{00179BED-5C11-4867-864D-FEFAA062288D}.Debug|Any CPU.Build.0 = Debug|Any CPU
		{00179BED-5C11-4867-864D-FEFAA062288D}.Release|Any CPU.ActiveCfg = Release|Any CPU
		{00179BED-5C11-4867-864D-FEFAA062288D}.Release|Any CPU.Build.0 = Release|Any CPU
	EndGlobalSection
	GlobalSection(SolutionProperties) = preSolution
		HideSolutionNode = FALSE
	EndGlobalSection
EndGlobal
